
Microsoft Visual Studio Solution File, Format Version 12.00
# Visual Studio 15
VisualStudioVersion = 15.0.26730.15
MinimumVisualStudioVersion = 10.0.40219.1
Project("{FAE04EC0-301F-11D3-BF4B-00C04F79EFBC}") = "Nyika.WebUI", "Nyika.WebUI\Nyika.WebUI.csproj", "{BDCD20DD-01AE-4517-9883-9B6E1EB3926F}"
EndProject
Project("{FAE04EC0-301F-11D3-BF4B-00C04F79EFBC}") = "Nyika.Domain", "Nyika.Domain\Nyika.Domain.csproj", "{DD7B9CA5-C406-4ACC-87F6-E8F5FA9FE404}"
EndProject
Global
	GlobalSection(SolutionConfigurationPlatforms) = preSolution
		Debug|Any CPU = Debug|Any CPU
		Release|Any CPU = Release|Any CPU
	EndGlobalSection
	GlobalSection(ProjectConfigurationPlatforms) = postSolution
		{BDCD20DD-01AE-4517-9883-9B6E1EB3926F}.Debug|Any CPU.ActiveCfg = Debug|Any CPU
		{BDCD20DD-01AE-4517-9883-9B6E1EB3926F}.Debug|Any CPU.Build.0 = Debug|Any CPU
		{BDCD20DD-01AE-4517-9883-9B6E1EB3926F}.Release|Any CPU.ActiveCfg = Release|Any CPU
		{BDCD20DD-01AE-4517-9883-9B6E1EB3926F}.Release|Any CPU.Build.0 = Release|Any CPU
		{DD7B9CA5-C406-4ACC-87F6-E8F5FA9FE404}.Debug|Any CPU.ActiveCfg = Debug|Any CPU
		{DD7B9CA5-C406-4ACC-87F6-E8F5FA9FE404}.Debug|Any CPU.Build.0 = Debug|Any CPU
		{DD7B9CA5-C406-4ACC-87F6-E8F5FA9FE404}.Release|Any CPU.ActiveCfg = Release|Any CPU
		{DD7B9CA5-C406-4ACC-87F6-E8F5FA9FE404}.Release|Any CPU.Build.0 = Release|Any CPU
	EndGlobalSection
	GlobalSection(SolutionProperties) = preSolution
		HideSolutionNode = FALSE
	EndGlobalSection
	GlobalSection(ExtensibilityGlobals) = postSolution
		SolutionGuid = {86F83AFD-FB4B-4E99-B721-4175828820FB}
	EndGlobalSection
EndGlobal
